
Microsoft Visual Studio Solution File, Format Version 12.00
# Visual Studio Version 18
VisualStudioVersion = 18.3.11505.172
MinimumVisualStudioVersion = 10.0.40219.1
Project("{FAE04EC0-301F-11D3-BF4B-00C04F79EFBC}") = "EfCoreBug", "EfCoreBug.csproj", "{B0AACE35-D226-591B-A5E2-B19EC576B546}"
EndProject
Global
	GlobalSection(SolutionConfigurationPlatforms) = preSolution
		Debug|Any CPU = Debug|Any CPU
		EF9|Any CPU = EF9|Any CPU
		Release|Any CPU = Release|Any CPU
	EndGlobalSection
	GlobalSection(ProjectConfigurationPlatforms) = postSolution
		{B0AACE35-D226-591B-A5E2-B19EC576B546}.Debug|Any CPU.ActiveCfg = Debug|Any CPU
		{B0AACE35-D226-591B-A5E2-B19EC576B546}.Debug|Any CPU.Build.0 = Debug|Any CPU
		{B0AACE35-D226-591B-A5E2-B19EC576B546}.EF9|Any CPU.ActiveCfg = EF9|Any CPU
		{B0AACE35-D226-591B-A5E2-B19EC576B546}.EF9|Any CPU.Build.0 = EF9|Any CPU
		{B0AACE35-D226-591B-A5E2-B19EC576B546}.Release|Any CPU.ActiveCfg = Release|Any CPU
		{B0AACE35-D226-591B-A5E2-B19EC576B546}.Release|Any CPU.Build.0 = Release|Any CPU
	EndGlobalSection
	GlobalSection(SolutionProperties) = preSolution
		HideSolutionNode = FALSE
	EndGlobalSection
	GlobalSection(ExtensibilityGlobals) = postSolution
		SolutionGuid = {8C4184D2-C6DC-4270-AFA4-5AD03C95D0EC}
	EndGlobalSection
EndGlobal
